
Microsoft Visual Studio Solution File, Format Version 11.00
# Visual Studio 2010
Project("{FAE04EC0-301F-11D3-BF4B-00C04F79EFBC}") = "Assembly-CSharp", "Assembly-CSharp.csproj", "{435b866c-a0ae-e4fa-3a3e-dfdd3431f83d}"
EndProject
Project("{FAE04EC0-301F-11D3-BF4B-00C04F79EFBC}") = "Assembly-CSharp-Editor", "Assembly-CSharp-Editor.csproj", "{3f1e1e5e-5edf-844c-25a0-5b7465779b0e}"
EndProject
Global
	GlobalSection(SolutionConfigurationPlatforms) = preSolution
		Debug|Any CPU = Debug|Any CPU
		Release|Any CPU = Release|Any CPU
	EndGlobalSection
	GlobalSection(ProjectConfigurationPlatforms) = postSolution
		{435b866c-a0ae-e4fa-3a3e-dfdd3431f83d}.Debug|Any CPU.ActiveCfg = Debug|Any CPU
		{435b866c-a0ae-e4fa-3a3e-dfdd3431f83d}.Debug|Any CPU.Build.0 = Debug|Any CPU
		{435b866c-a0ae-e4fa-3a3e-dfdd3431f83d}.Release|Any CPU.ActiveCfg = Release|Any CPU
		{435b866c-a0ae-e4fa-3a3e-dfdd3431f83d}.Release|Any CPU.Build.0 = Release|Any CPU
		{3f1e1e5e-5edf-844c-25a0-5b7465779b0e}.Debug|Any CPU.ActiveCfg = Debug|Any CPU
		{3f1e1e5e-5edf-844c-25a0-5b7465779b0e}.Debug|Any CPU.Build.0 = Debug|Any CPU
		{3f1e1e5e-5edf-844c-25a0-5b7465779b0e}.Release|Any CPU.ActiveCfg = Release|Any CPU
		{3f1e1e5e-5edf-844c-25a0-5b7465779b0e}.Release|Any CPU.Build.0 = Release|Any CPU
	EndGlobalSection
	GlobalSection(SolutionProperties) = preSolution
		HideSolutionNode = FALSE
	EndGlobalSection
EndGlobal
